
Microsoft Visual Studio Solution File, Format Version 12.00
# Visual Studio Version 16
VisualStudioVersion = 16.0.31911.196
MinimumVisualStudioVersion = 10.0.40219.1
Project("{FAE04EC0-301F-11D3-BF4B-00C04F79EFBC}") = "MyBg", "MyBg\MyBg.csproj", "{82BAA2F4-A40C-46A8-91DA-569E7F7526C8}"
EndProject
Global
	GlobalSection(SolutionConfigurationPlatforms) = preSolution
		Debug|Any CPU = Debug|Any CPU
		Release|Any CPU = Release|Any CPU
	EndGlobalSection
	GlobalSection(ProjectConfigurationPlatforms) = postSolution
		{82BAA2F4-A40C-46A8-91DA-569E7F7526C8}.Debug|Any CPU.ActiveCfg = Debug|Any CPU
		{82BAA2F4-A40C-46A8-91DA-569E7F7526C8}.Debug|Any CPU.Build.0 = Debug|Any CPU
		{82BAA2F4-A40C-46A8-91DA-569E7F7526C8}.Release|Any CPU.ActiveCfg = Release|Any CPU
		{82BAA2F4-A40C-46A8-91DA-569E7F7526C8}.Release|Any CPU.Build.0 = Release|Any CPU
	EndGlobalSection
	GlobalSection(SolutionProperties) = preSolution
		HideSolutionNode = FALSE
	EndGlobalSection
	GlobalSection(ExtensibilityGlobals) = postSolution
		SolutionGuid = {9E962F74-33C6-4C17-8854-11DF335B7B7C}
	EndGlobalSection
EndGlobal
